github.com/creachadair/mds v0.3.0 h1:uKbCKVtd3iOKVv3uviOm13fFNfe9qoCXJh1Vo7y3Kr0=
github.com/creachadair/mds v0.3.0/go.mod h1:4vrFYUzTXMJpMBU+OA292I6IUxKWCCfZkgXg+/kBZMo=
github.com/google/go-cmp v0.6.0 h1:ofyhxvXcZhMsU5ulbFiLKl/XBFqE1GSq7atu8tAmTRI=
github.com/google/go-cmp v0.6.0/go.mod h1:17dUlkBOakJ0+DkrSSNjCkIjxS6bF9zb3elmeNGIjoY=
